// !$*UTF8*$!
{
	archiveVersion = 1;
	classes = {
	};
	objectVersion = 50;
	objects = {

/* Begin PBXBuildFile section */
		034918D1254823C7003FFCA3 /* AppDelegate.swift in Sources */ = {isa = PBXBuildFile; fileRef = 034918D0254823C7003FFCA3 /* AppDelegate.swift */; };
		034918DA254823CB003FFCA3 /* Assets.xcassets in Resources */ = {isa = PBXBuildFile; fileRef = 034918D9254823CB003FFCA3 /* Assets.xcassets */; };
		034918DD254823CB003FFCA3 /* LaunchScreen.storyboard in Resources */ = {isa = PBXBuildFile; fileRef = 034918DB254823CB003FFCA3 /* LaunchScreen.storyboard */; };
		034918EF254826BA003FFCA3 /* NetworkService.swift in Sources */ = {isa = PBXBuildFile; fileRef = 034918EE254826BA003FFCA3 /* NetworkService.swift */; };
		034918F3254826CA003FFCA3 /* XMLParser.swift in Sources */ = {isa = PBXBuildFile; fileRef = 034918F2254826CA003FFCA3 /* XMLParser.swift */; };
		034918FD25482793003FFCA3 /* NewsModel.xcdatamodeld in Sources */ = {isa = PBXBuildFile; fileRef = 034918FB25482793003FFCA3 /* NewsModel.xcdatamodeld */; };
		0349190625482A72003FFCA3 /* News+CoreDataClass.swift in Sources */ = {isa = PBXBuildFile; fileRef = 0349190425482A72003FFCA3 /* News+CoreDataClass.swift */; };
		0349190E25485F43003FFCA3 /* NewsManager.swift in Sources */ = {isa = PBXBuildFile; fileRef = 0349190D25485F43003FFCA3 /* NewsManager.swift */; };
		034919142548D675003FFCA3 /* News+CoreDataProperties.swift in Sources */ = {isa = PBXBuildFile; fileRef = 034919132548D675003FFCA3 /* News+CoreDataProperties.swift */; };
		0349191A25497962003FFCA3 /* NewsCollectionViewController.swift in Sources */ = {isa = PBXBuildFile; fileRef = 0349191925497962003FFCA3 /* NewsCollectionViewController.swift */; };
		0349191E2549797F003FFCA3 /* NewsCollectionViewCell.swift in Sources */ = {isa = PBXBuildFile; fileRef = 0349191D2549797F003FFCA3 /* NewsCollectionViewCell.swift */; };
/* End PBXBuildFile section */

/* Begin PBXFileReference section */
		034918CD254823C7003FFCA3 /* TutbyFeedViewer.app */ = {isa = PBXFileReference; explicitFileType = wrapper.application; includeInIndex = 0; path = TutbyFeedViewer.app; sourceTree = BUILT_PRODUCTS_DIR; };
		034918D0254823C7003FFCA3 /* AppDelegate.swift */ = {isa = PBXFileReference; lastKnownFileType = sourcecode.swift; path = AppDelegate.swift; sourceTree = "<group>"; };
		034918D9254823CB003FFCA3 /* Assets.xcassets */ = {isa = PBXFileReference; lastKnownFileType = folder.assetcatalog; path = Assets.xcassets; sourceTree = "<group>"; };
		034918DC254823CB003FFCA3 /* Base */ = {isa = PBXFileReference; lastKnownFileType = file.storyboard; name = Base; path = Base.lproj/LaunchScreen.storyboard; sourceTree = "<group>"; };
		034918DE254823CB003FFCA3 /* Info.plist */ = {isa = PBXFileReference; lastKnownFileType = text.plist.xml; path = Info.plist; sourceTree = "<group>"; };
		034918EE254826BA003FFCA3 /* NetworkService.swift */ = {isa = PBXFileReference; lastKnownFileType = sourcecode.swift; path = NetworkService.swift; sourceTree = "<group>"; };
		034918F2254826CA003FFCA3 /* XMLParser.swift */ = {isa = PBXFileReference; lastKnownFileType = sourcecode.swift; path = XMLParser.swift; sourceTree = "<group>"; };
		034918FC25482793003FFCA3 /* NewsModel.xcdatamodel */ = {isa = PBXFileReference; lastKnownFileType = wrapper.xcdatamodel; path = NewsModel.xcdatamodel; sourceTree = "<group>"; };
		0349190425482A72003FFCA3 /* News+CoreDataClass.swift */ = {isa = PBXFileReference; lastKnownFileType = sourcecode.swift; path = "News+CoreDataClass.swift"; sourceTree = "<group>"; };
		0349190D25485F43003FFCA3 /* NewsManager.swift */ = {isa = PBXFileReference; lastKnownFileType = sourcecode.swift; path = NewsManager.swift; sourceTree = "<group>"; };
		034919132548D675003FFCA3 /* News+CoreDataProperties.swift */ = {isa = PBXFileReference; lastKnownFileType = sourcecode.swift; path = "News+CoreDataProperties.swift"; sourceTree = "<group>"; };
		0349191925497962003FFCA3 /* NewsCollectionViewController.swift */ = {isa = PBXFileReference; lastKnownFileType = sourcecode.swift; path = NewsCollectionViewController.swift; sourceTree = "<group>"; };
		0349191D2549797F003FFCA3 /* NewsCollectionViewCell.swift */ = {isa = PBXFileReference; lastKnownFileType = sourcecode.swift; path = NewsCollectionViewCell.swift; sourceTree = "<group>"; };
/* End PBXFileReference section */

/* Begin PBXFrameworksBuildPhase section */
		034918CA254823C7003FFCA3 /* Frameworks */ = {
			isa = PBXFrameworksBuildPhase;
			buildActionMask = 2147483647;
			files = (
			);
			runOnlyForDeploymentPostprocessing = 0;
		};
/* End PBXFrameworksBuildPhase section */

/* Begin PBXGroup section */
		034918C4254823C6003FFCA3 = {
			isa = PBXGroup;
			children = (
				034918CF254823C7003FFCA3 /* TutbyFeedViewer */,
				034918CE254823C7003FFCA3 /* Products */,
			);
			sourceTree = "<group>";
		};
		034918CE254823C7003FFCA3 /* Products */ = {
			isa = PBXGroup;
			children = (
				034918CD254823C7003FFCA3 /* TutbyFeedViewer.app */,
			);
			name = Products;
			sourceTree = "<group>";
		};
		034918CF254823C7003FFCA3 /* TutbyFeedViewer */ = {
			isa = PBXGroup;
			children = (
				03491916254966B2003FFCA3 /* VeiwControllers */,
				034918ED254826A6003FFCA3 /* Networking */,
				034918D0254823C7003FFCA3 /* AppDelegate.swift */,
				034918D9254823CB003FFCA3 /* Assets.xcassets */,
				034918DB254823CB003FFCA3 /* LaunchScreen.storyboard */,
				034918DE254823CB003FFCA3 /* Info.plist */,
				0349190D25485F43003FFCA3 /* NewsManager.swift */,
			);
			path = TutbyFeedViewer;
			sourceTree = "<group>";
		};
		034918ED254826A6003FFCA3 /* Networking */ = {
			isa = PBXGroup;
			children = (
				034918F525482718003FFCA3 /* Models */,
				034918EE254826BA003FFCA3 /* NetworkService.swift */,
				034918F2254826CA003FFCA3 /* XMLParser.swift */,
			);
			path = Networking;
			sourceTree = "<group>";
		};
		034918F525482718003FFCA3 /* Models */ = {
			isa = PBXGroup;
			children = (
				034919132548D675003FFCA3 /* News+CoreDataProperties.swift */,
				0349190425482A72003FFCA3 /* News+CoreDataClass.swift */,
				034918FB25482793003FFCA3 /* NewsModel.xcdatamodeld */,
			);
			path = Models;
			sourceTree = "<group>";
		};
		03491916254966B2003FFCA3 /* VeiwControllers */ = {
			isa = PBXGroup;
			children = (
				0349191C25497968003FFCA3 /* Views */,
				0349191925497962003FFCA3 /* NewsCollectionViewController.swift */,
			);
			path = VeiwControllers;
			sourceTree = "<group>";
		};
		0349191C25497968003FFCA3 /* Views */ = {
			isa = PBXGroup;
			children = (
				0349191D2549797F003FFCA3 /* NewsCollectionViewCell.swift */,
			);
			path = Views;
			sourceTree = "<group>";
		};
/* End PBXGroup section */

/* Begin PBXNativeTarget section */
		034918CC254823C7003FFCA3 /* TutbyFeedViewer */ = {
			isa = PBXNativeTarget;
			buildConfigurationList = 034918E1254823CB003FFCA3 /* Build configuration list for PBXNativeTarget "TutbyFeedViewer" */;
			buildPhases = (
				034918C9254823C7003FFCA3 /* Sources */,
				034918CA254823C7003FFCA3 /* Frameworks */,
				034918CB254823C7003FFCA3 /* Resources */,
			);
			buildRules = (
			);
			dependencies = (
			);
			name = TutbyFeedViewer;
			productName = TutbyFeedViewer;
			productReference = 034918CD254823C7003FFCA3 /* TutbyFeedViewer.app */;
			productType = "com.apple.product-type.application";
		};
/* End PBXNativeTarget section */

/* Begin PBXProject section */
		034918C5254823C6003FFCA3 /* Project object */ = {
			isa = PBXProject;
			attributes = {
				LastSwiftUpdateCheck = 1200;
				LastUpgradeCheck = 1200;
				TargetAttributes = {
					034918CC254823C7003FFCA3 = {
						CreatedOnToolsVersion = 12.0.1;
					};
				};
			};
			buildConfigurationList = 034918C8254823C6003FFCA3 /* Build configuration list for PBXProject "TutbyFeedViewer" */;
			compatibilityVersion = "Xcode 9.3";
			developmentRegion = en;
			hasScannedForEncodings = 0;
			knownRegions = (
				en,
				Base,
			);
			mainGroup = 034918C4254823C6003FFCA3;
			productRefGroup = 034918CE254823C7003FFCA3 /* Products */;
			projectDirPath = "";
			projectRoot = "";
			targets = (
				034918CC254823C7003FFCA3 /* TutbyFeedViewer */,
			);
		};
/* End PBXProject section */

/* Begin PBXResourcesBuildPhase section */
		034918CB254823C7003FFCA3 /* Resources */ = {
			isa = PBXResourcesBuildPhase;
			buildActionMask = 2147483647;
			files = (
				034918DD254823CB003FFCA3 /* LaunchScreen.storyboard in Resources */,
				034918DA254823CB003FFCA3 /* Assets.xcassets in Resources */,
			);
			runOnlyForDeploymentPostprocessing = 0;
		};
/* End PBXResourcesBuildPhase section */

/* Begin PBXSourcesBuildPhase section */
		034918C9254823C7003FFCA3 /* Sources */ = {
			isa = PBXSourcesBuildPhase;
			buildActionMask = 2147483647;
			files = (
				034919142548D675003FFCA3 /* News+CoreDataProperties.swift in Sources */,
				034918F3254826CA003FFCA3 /* XMLParser.swift in Sources */,
				0349190625482A72003FFCA3 /* News+CoreDataClass.swift in Sources */,
				034918FD25482793003FFCA3 /* NewsModel.xcdatamodeld in Sources */,
				0349190E25485F43003FFCA3 /* NewsManager.swift in Sources */,
				0349191A25497962003FFCA3 /* NewsCollectionViewController.swift in Sources */,
				034918EF254826BA003FFCA3 /* NetworkService.swift in Sources */,
				034918D1254823C7003FFCA3 /* AppDelegate.swift in Sources */,
				0349191E2549797F003FFCA3 /* NewsCollectionViewCell.swift in Sources */,
			);
			runOnlyForDeploymentPostprocessing = 0;
		};
/* End PBXSourcesBuildPhase section */

/* Begin PBXVariantGroup section */
		034918DB254823CB003FFCA3 /* LaunchScreen.storyboard */ = {
			isa = PBXVariantGroup;
			children = (
				034918DC254823CB003FFCA3 /* Base */,
			);
			name = LaunchScreen.storyboard;
			sourceTree = "<group>";
		};
/* End PBXVariantGroup section */

/* Begin XCBuildConfiguration section */
		034918DF254823CB003FFCA3 /* Debug */ = {
			isa = XCBuildConfiguration;
			buildSettings = {
				ALWAYS_SEARCH_USER_PATHS = NO;
				CLANG_ANALYZER_NONNULL = YES;
				CLANG_ANALYZER_NUMBER_OBJECT_CONVERSION = YES_AGGRESSIVE;
				CLANG_CXX_LANGUAGE_STANDARD = "gnu++14";
				CLANG_CXX_LIBRARY = "libc++";
				CLANG_ENABLE_MODULES = YES;
				CLANG_ENABLE_OBJC_ARC = YES;
				CLANG_ENABLE_OBJC_WEAK = YES;
				CLANG_WARN_BLOCK_CAPTURE_AUTORELEASING = YES;
				CLANG_WARN_BOOL_CONVERSION = YES;
				CLANG_WARN_COMMA = YES;
				CLANG_WARN_CONSTANT_CONVERSION = YES;
				CLANG_WARN_DEPRECATED_OBJC_IMPLEMENTATIONS = YES;
				CLANG_WARN_DIRECT_OBJC_ISA_USAGE = YES_ERROR;
				CLANG_WARN_DOCUMENTATION_COMMENTS = YES;
				CLANG_WARN_EMPTY_BODY = YES;
				CLANG_WARN_ENUM_CONVERSION = YES;
				CLANG_WARN_INFINITE_RECURSION = YES;
				CLANG_WARN_INT_CONVERSION = YES;
				CLANG_WARN_NON_LITERAL_NULL_CONVERSION = YES;
				CLANG_WARN_OBJC_IMPLICIT_RETAIN_SELF = YES;
				CLANG_WARN_OBJC_LITERAL_CONVERSION = YES;
				CLANG_WARN_OBJC_ROOT_CLASS = YES_ERROR;
				CLANG_WARN_QUOTED_INCLUDE_IN_FRAMEWORK_HEADER = YES;
				CLANG_WARN_RANGE_LOOP_ANALYSIS = YES;
				CLANG_WARN_STRICT_PROTOTYPES = YES;
				CLANG_WARN_SUSPICIOUS_MOVE = YES;
				CLANG_WARN_UNGUARDED_AVAILABILITY = YES_AGGRESSIVE;
				CLANG_WARN_UNREACHABLE_CODE = YES;
				CLANG_WARN__DUPLICATE_METHOD_MATCH = YES;
				COPY_PHASE_STRIP = NO;
				DEBUG_INFORMATION_FORMAT = dwarf;
				ENABLE_STRICT_OBJC_MSGSEND = YES;
				ENABLE_TESTABILITY = YES;
				GCC_C_LANGUAGE_STANDARD = gnu11;
				GCC_DYNAMIC_NO_PIC = NO;
				GCC_NO_COMMON_BLOCKS = YES;
				GCC_OPTIMIZATION_LEVEL = 0;
				GCC_PREPROCESSOR_DEFINITIONS = (
					"DEBUG=1",
					"$(inherited)",
				);
				GCC_WARN_64_TO_32_BIT_CONVERSION = YES;
				GCC_WARN_ABOUT_RETURN_TYPE = YES_ERROR;
				GCC_WARN_UNDECLARED_SELECTOR = YES;
				GCC_WARN_UNINITIALIZED_AUTOS = YES_AGGRESSIVE;
				GCC_WARN_UNUSED_FUNCTION = YES;
				GCC_WARN_UNUSED_VARIABLE = YES;
				IPHONEOS_DEPLOYMENT_TARGET = 14.0;
				MTL_ENABLE_DEBUG_INFO = INCLUDE_SOURCE;
				MTL_FAST_MATH = YES;
				ONLY_ACTIVE_ARCH = YES;
				SDKROOT = iphoneos;
				SWIFT_ACTIVE_COMPILATION_CONDITIONS = DEBUG;
				SWIFT_OPTIMIZATION_LEVEL = "-Onone";
			};
			name = Debug;
		};
		034918E0254823CB003FFCA3 /* Release */ = {
			isa = XCBuildConfiguration;
			buildSettings = {
				ALWAYS_SEARCH_USER_PATHS = NO;
				CLANG_ANALYZER_NONNULL = YES;
				CLANG_ANALYZER_NUMBER_OBJECT_CONVERSION = YES_AGGRESSIVE;
				CLANG_CXX_LANGUAGE_STANDARD = "gnu++14";
				CLANG_CXX_LIBRARY = "libc++";
				CLANG_ENABLE_MODULES = YES;
				CLANG_ENABLE_OBJC_ARC = YES;
				CLANG_ENABLE_OBJC_WEAK = YES;
				CLANG_WARN_BLOCK_CAPTURE_AUTORELEASING = YES;
				CLANG_WARN_BOOL_CONVERSION = YES;
				CLANG_WARN_COMMA = YES;
				CLANG_WARN_CONSTANT_CONVERSION = YES;
				CLANG_WARN_DEPRECATED_OBJC_IMPLEMENTATIONS = YES;
				CLANG_WARN_DIRECT_OBJC_ISA_USAGE = YES_ERROR;
				CLANG_WARN_DOCUMENTATION_COMMENTS = YES;
				CLANG_WARN_EMPTY_BODY = YES;
				CLANG_WARN_ENUM_CONVERSION = YES;
				CLANG_WARN_INFINITE_RECURSION = YES;
				CLANG_WARN_INT_CONVERSION = YES;
				CLANG_WARN_NON_LITERAL_NULL_CONVERSION = YES;
				CLANG_WARN_OBJC_IMPLICIT_RETAIN_SELF = YES;
				CLANG_WARN_OBJC_LITERAL_CONVERSION = YES;
				CLANG_WARN_OBJC_ROOT_CLASS = YES_ERROR;
				CLANG_WARN_QUOTED_INCLUDE_IN_FRAMEWORK_HEADER = YES;
				CLANG_WARN_RANGE_LOOP_ANALYSIS = YES;
				CLANG_WARN_STRICT_PROTOTYPES = YES;
				CLANG_WARN_SUSPICIOUS_MOVE = YES;
				CLANG_WARN_UNGUARDED_AVAILABILITY = YES_AGGRESSIVE;
				CLANG_WARN_UNREACHABLE_CODE = YES;
				CLANG_WARN__DUPLICATE_METHOD_MATCH = YES;
				COPY_PHASE_STRIP = NO;
				DEBUG_INFORMATION_FORMAT = "dwarf-with-dsym";
				ENABLE_NS_ASSERTIONS = NO;
				ENABLE_STRICT_OBJC_MSGSEND = YES;
				GCC_C_LANGUAGE_STANDARD = gnu11;
				GCC_NO_COMMON_BLOCKS = YES;
				GCC_WARN_64_TO_32_BIT_CONVERSION = YES;
				GCC_WARN_ABOUT_RETURN_TYPE = YES_ERROR;
				GCC_WARN_UNDECLARED_SELECTOR = YES;
				GCC_WARN_UNINITIALIZED_AUTOS = YES_AGGRESSIVE;
				GCC_WARN_UNUSED_FUNCTION = YES;
				GCC_WARN_UNUSED_VARIABLE = YES;
				IPHONEOS_DEPLOYMENT_TARGET = 14.0;
				MTL_ENABLE_DEBUG_INFO = NO;
				MTL_FAST_MATH = YES;
				SDKROOT = iphoneos;
				SWIFT_COMPILATION_MODE = wholemodule;
				SWIFT_OPTIMIZATION_LEVEL = "-O";
				VALIDATE_PRODUCT = YES;
			};
			name = Release;
		};
		034918E2254823CB003FFCA3 /* Debug */ = {
			isa = XCBuildConfiguration;
			buildSettings = {
				ASSETCATALOG_COMPILER_APPICON_NAME = AppIcon;
				ASSETCATALOG_COMPILER_GLOBAL_ACCENT_COLOR_NAME = AccentColor;
				CODE_SIGN_STYLE = Automatic;
				DEVELOPMENT_TEAM = L5SUV54N8U;
				INFOPLIST_FILE = TutbyFeedViewer/Info.plist;
				LD_RUNPATH_SEARCH_PATHS = (
					"$(inherited)",
					"@executable_path/Frameworks",
				);
				PRODUCT_BUNDLE_IDENTIFIER = nplkhn.TutbyFeedViewer;
				PRODUCT_NAME = "$(TARGET_NAME)";
				SWIFT_VERSION = 5.0;
				TARGETED_DEVICE_FAMILY = "1,2";
			};
			name = Debug;
		};
		034918E3254823CB003FFCA3 /* Release */ = {
			isa = XCBuildConfiguration;
			buildSettings = {
				ASSETCATALOG_COMPILER_APPICON_NAME = AppIcon;
				ASSETCATALOG_COMPILER_GLOBAL_ACCENT_COLOR_NAME = AccentColor;
				CODE_SIGN_STYLE = Automatic;
				DEVELOPMENT_TEAM = L5SUV54N8U;
				INFOPLIST_FILE = TutbyFeedViewer/Info.plist;
				LD_RUNPATH_SEARCH_PATHS = (
					"$(inherited)",
					"@executable_path/Frameworks",
				);
				PRODUCT_BUNDLE_IDENTIFIER = nplkhn.TutbyFeedViewer;
				PRODUCT_NAME = "$(TARGET_NAME)";
				SWIFT_VERSION = 5.0;
				TARGETED_DEVICE_FAMILY = "1,2";
			};
			name = Release;
		};
/* End XCBuildConfiguration section */

/* Begin XCConfigurationList section */
		034918C8254823C6003FFCA3 /* Build configuration list for PBXProject "TutbyFeedViewer" */ = {
			isa = XCConfigurationList;
			buildConfigurations = (
				034918DF254823CB003FFCA3 /* Debug */,
				034918E0254823CB003FFCA3 /* Release */,
			);
			defaultConfigurationIsVisible = 0;
			defaultConfigurationName = Release;
		};
		034918E1254823CB003FFCA3 /* Build configuration list for PBXNativeTarget "TutbyFeedViewer" */ = {
			isa = XCConfigurationList;
			buildConfigurations = (
				034918E2254823CB003FFCA3 /* Debug */,
				034918E3254823CB003FFCA3 /* Release */,
			);
			defaultConfigurationIsVisible = 0;
			defaultConfigurationName = Release;
		};
/* End XCConfigurationList section */

/* Begin XCVersionGroup section */
		034918FB25482793003FFCA3 /* NewsModel.xcdatamodeld */ = {
			isa = XCVersionGroup;
			children = (
				034918FC25482793003FFCA3 /* NewsModel.xcdatamodel */,
			);
			currentVersion = 034918FC25482793003FFCA3 /* NewsModel.xcdatamodel */;
			path = NewsModel.xcdatamodeld;
			sourceTree = "<group>";
			versionGroupType = wrapper.xcdatamodel;
		};
/* End XCVersionGroup section */
	};
	rootObject = 034918C5254823C6003FFCA3 /* Project object */;
}
